// !$*UTF8*$!
{
	archiveVersion = 1;
	classes = {
	};
	objectVersion = 50;
	objects = {

/* Begin PBXBuildFile section */
		7F890A2F22757A5B004F9DBE /* main.cpp in Sources */ = {isa = PBXBuildFile; fileRef = 7F890A2E22757A5B004F9DBE /* main.cpp */; };
		7F890A3A22758271004F9DBE /* main.cpp in Sources */ = {isa = PBXBuildFile; fileRef = 7F890A3922758271004F9DBE /* main.cpp */; };
		7F890A452275895D004F9DBE /* main.cpp in Sources */ = {isa = PBXBuildFile; fileRef = 7F890A442275895D004F9DBE /* main.cpp */; };
		7F890A502275A1E0004F9DBE /* main.cpp in Sources */ = {isa = PBXBuildFile; fileRef = 7F890A4F2275A1E0004F9DBE /* main.cpp */; };
		7F890A5B2275A89B004F9DBE /* main.cpp in Sources */ = {isa = PBXBuildFile; fileRef = 7F890A5A2275A89B004F9DBE /* main.cpp */; };
		7F890A662275AF7F004F9DBE /* main.cpp in Sources */ = {isa = PBXBuildFile; fileRef = 7F890A652275AF7F004F9DBE /* main.cpp */; };
		7F890A712275B407004F9DBE /* main.cpp in Sources */ = {isa = PBXBuildFile; fileRef = 7F890A702275B407004F9DBE /* main.cpp */; };
		7F890A902275BE62004F9DBE /* main.cpp in Sources */ = {isa = PBXBuildFile; fileRef = 7F890A8F2275BE62004F9DBE /* main.cpp */; };
		7F890A9B2275CB64004F9DBE /* main.cpp in Sources */ = {isa = PBXBuildFile; fileRef = 7F890A9A2275CB64004F9DBE /* main.cpp */; };
		8D24E786227981C4002556CB /* main.cpp in Sources */ = {isa = PBXBuildFile; fileRef = 8D24E785227981C4002556CB /* main.cpp */; };
		8D24E79122798610002556CB /* main.cpp in Sources */ = {isa = PBXBuildFile; fileRef = 8D24E79022798610002556CB /* main.cpp */; };
		8D24E79C227991A2002556CB /* main.cpp in Sources */ = {isa = PBXBuildFile; fileRef = 8D24E79B227991A2002556CB /* main.cpp */; };
		8D24E7A722799B42002556CB /* main.cpp in Sources */ = {isa = PBXBuildFile; fileRef = 8D24E7A622799B42002556CB /* main.cpp */; };
		8D24E7B222799C56002556CB /* main.cpp in Sources */ = {isa = PBXBuildFile; fileRef = 8D24E7B122799C56002556CB /* main.cpp */; };
		8D24E7BD2279CCE1002556CB /* main.cpp in Sources */ = {isa = PBXBuildFile; fileRef = 8D24E7BC2279CCE1002556CB /* main.cpp */; };
		8D24E7C82279D358002556CB /* main.cpp in Sources */ = {isa = PBXBuildFile; fileRef = 8D24E7C72279D358002556CB /* main.cpp */; };
		8D24E7D32279DBCF002556CB /* main.cpp in Sources */ = {isa = PBXBuildFile; fileRef = 8D24E7D22279DBCF002556CB /* main.cpp */; };
		8D24E7DE2279E8A3002556CB /* main.cpp in Sources */ = {isa = PBXBuildFile; fileRef = 8D24E7DD2279E8A3002556CB /* main.cpp */; };
		8D2B3070227C6C1C0061524F /* main.cpp in Sources */ = {isa = PBXBuildFile; fileRef = 8D2B306F227C6C1C0061524F /* main.cpp */; };
		8D344F482275F1850072DC18 /* main.cpp in Sources */ = {isa = PBXBuildFile; fileRef = 8D344F472275F1850072DC18 /* main.cpp */; };
		8D544A2E22749FC5005FA833 /* main.cpp in Sources */ = {isa = PBXBuildFile; fileRef = 8D544A2D22749FC5005FA833 /* main.cpp */; };
		8D544A3922749FF4005FA833 /* main.cpp in Sources */ = {isa = PBXBuildFile; fileRef = 8D544A3822749FF4005FA833 /* main.cpp */; };
		8D544A442274A01C005FA833 /* main.cpp in Sources */ = {isa = PBXBuildFile; fileRef = 8D544A432274A01C005FA833 /* main.cpp */; };
/* End PBXBuildFile section */

/* Begin PBXCopyFilesBuildPhase section */
		7F890A2A22757A5B004F9DBE /* CopyFiles */ = {
			isa = PBXCopyFilesBuildPhase;
			buildActionMask = 2147483647;
			dstPath = /usr/share/man/man1/;
			dstSubfolderSpec = 0;
			files = (
			);
			runOnlyForDeploymentPostprocessing = 1;
		};
		7F890A3522758271004F9DBE /* CopyFiles */ = {
			isa = PBXCopyFilesBuildPhase;
			buildActionMask = 2147483647;
			dstPath = /usr/share/man/man1/;
			dstSubfolderSpec = 0;
			files = (
			);
			runOnlyForDeploymentPostprocessing = 1;
		};
		7F890A402275895D004F9DBE /* CopyFiles */ = {
			isa = PBXCopyFilesBuildPhase;
			buildActionMask = 2147483647;
			dstPath = /usr/share/man/man1/;
			dstSubfolderSpec = 0;
			files = (
			);
			runOnlyForDeploymentPostprocessing = 1;
		};
		7F890A4B2275A1E0004F9DBE /* CopyFiles */ = {
			isa = PBXCopyFilesBuildPhase;
			buildActionMask = 2147483647;
			dstPath = /usr/share/man/man1/;
			dstSubfolderSpec = 0;
			files = (
			);
			runOnlyForDeploymentPostprocessing = 1;
		};
		7F890A562275A89B004F9DBE /* CopyFiles */ = {
			isa = PBXCopyFilesBuildPhase;
			buildActionMask = 2147483647;
			dstPath = /usr/share/man/man1/;
			dstSubfolderSpec = 0;
			files = (
			);
			runOnlyForDeploymentPostprocessing = 1;
		};
		7F890A612275AF7F004F9DBE /* CopyFiles */ = {
			isa = PBXCopyFilesBuildPhase;
			buildActionMask = 2147483647;
			dstPath = /usr/share/man/man1/;
			dstSubfolderSpec = 0;
			files = (
			);
			runOnlyForDeploymentPostprocessing = 1;
		};
		7F890A6C2275B407004F9DBE /* CopyFiles */ = {
			isa = PBXCopyFilesBuildPhase;
			buildActionMask = 2147483647;
			dstPath = /usr/share/man/man1/;
			dstSubfolderSpec = 0;
			files = (
			);
			runOnlyForDeploymentPostprocessing = 1;
		};
		7F890A8B2275BE62004F9DBE /* CopyFiles */ = {
			isa = PBXCopyFilesBuildPhase;
			buildActionMask = 2147483647;
			dstPath = /usr/share/man/man1/;
			dstSubfolderSpec = 0;
			files = (
			);
			runOnlyForDeploymentPostprocessing = 1;
		};
		7F890A962275CB64004F9DBE /* CopyFiles */ = {
			isa = PBXCopyFilesBuildPhase;
			buildActionMask = 2147483647;
			dstPath = /usr/share/man/man1/;
			dstSubfolderSpec = 0;
			files = (
			);
			runOnlyForDeploymentPostprocessing = 1;
		};
		8D24E781227981C4002556CB /* CopyFiles */ = {
			isa = PBXCopyFilesBuildPhase;
			buildActionMask = 2147483647;
			dstPath = /usr/share/man/man1/;
			dstSubfolderSpec = 0;
			files = (
			);
			runOnlyForDeploymentPostprocessing = 1;
		};
		8D24E78C22798610002556CB /* CopyFiles */ = {
			isa = PBXCopyFilesBuildPhase;
			buildActionMask = 2147483647;
			dstPath = /usr/share/man/man1/;
			dstSubfolderSpec = 0;
			files = (
			);
			runOnlyForDeploymentPostprocessing = 1;
		};
		8D24E797227991A1002556CB /* CopyFiles */ = {
			isa = PBXCopyFilesBuildPhase;
			buildActionMask = 2147483647;
			dstPath = /usr/share/man/man1/;
			dstSubfolderSpec = 0;
			files = (
			);
			runOnlyForDeploymentPostprocessing = 1;
		};
		8D24E7A222799B42002556CB /* CopyFiles */ = {
			isa = PBXCopyFilesBuildPhase;
			buildActionMask = 2147483647;
			dstPath = /usr/share/man/man1/;
			dstSubfolderSpec = 0;
			files = (
			);
			runOnlyForDeploymentPostprocessing = 1;
		};
		8D24E7AD22799C56002556CB /* CopyFiles */ = {
			isa = PBXCopyFilesBuildPhase;
			buildActionMask = 2147483647;
			dstPath = /usr/share/man/man1/;
			dstSubfolderSpec = 0;
			files = (
			);
			runOnlyForDeploymentPostprocessing = 1;
		};
		8D24E7B82279CCE1002556CB /* CopyFiles */ = {
			isa = PBXCopyFilesBuildPhase;
			buildActionMask = 2147483647;
			dstPath = /usr/share/man/man1/;
			dstSubfolderSpec = 0;
			files = (
			);
			runOnlyForDeploymentPostprocessing = 1;
		};
		8D24E7C32279D358002556CB /* CopyFiles */ = {
			isa = PBXCopyFilesBuildPhase;
			buildActionMask = 2147483647;
			dstPath = /usr/share/man/man1/;
			dstSubfolderSpec = 0;
			files = (
			);
			runOnlyForDeploymentPostprocessing = 1;
		};
		8D24E7CE2279DBCF002556CB /* CopyFiles */ = {
			isa = PBXCopyFilesBuildPhase;
			buildActionMask = 2147483647;
			dstPath = /usr/share/man/man1/;
			dstSubfolderSpec = 0;
			files = (
			);
			runOnlyForDeploymentPostprocessing = 1;
		};
		8D24E7D92279E8A2002556CB /* CopyFiles */ = {
			isa = PBXCopyFilesBuildPhase;
			buildActionMask = 2147483647;
			dstPath = /usr/share/man/man1/;
			dstSubfolderSpec = 0;
			files = (
			);
			runOnlyForDeploymentPostprocessing = 1;
		};
		8D2B306B227C6C1C0061524F /* CopyFiles */ = {
			isa = PBXCopyFilesBuildPhase;
			buildActionMask = 2147483647;
			dstPath = /usr/share/man/man1/;
			dstSubfolderSpec = 0;
			files = (
			);
			runOnlyForDeploymentPostprocessing = 1;
		};
		8D344F432275F1850072DC18 /* CopyFiles */ = {
			isa = PBXCopyFilesBuildPhase;
			buildActionMask = 2147483647;
			dstPath = /usr/share/man/man1/;
			dstSubfolderSpec = 0;
			files = (
			);
			runOnlyForDeploymentPostprocessing = 1;
		};
		8D544A2922749FC5005FA833 /* CopyFiles */ = {
			isa = PBXCopyFilesBuildPhase;
			buildActionMask = 2147483647;
			dstPath = /usr/share/man/man1/;
			dstSubfolderSpec = 0;
			files = (
			);
			runOnlyForDeploymentPostprocessing = 1;
		};
		8D544A3422749FF4005FA833 /* CopyFiles */ = {
			isa = PBXCopyFilesBuildPhase;
			buildActionMask = 2147483647;
			dstPath = /usr/share/man/man1/;
			dstSubfolderSpec = 0;
			files = (
			);
			runOnlyForDeploymentPostprocessing = 1;
		};
		8D544A3F2274A01C005FA833 /* CopyFiles */ = {
			isa = PBXCopyFilesBuildPhase;
			buildActionMask = 2147483647;
			dstPath = /usr/share/man/man1/;
			dstSubfolderSpec = 0;
			files = (
			);
			runOnlyForDeploymentPostprocessing = 1;
		};
/* End PBXCopyFilesBuildPhase section */

/* Begin PBXFileReference section */
		7F890A2C22757A5B004F9DBE /* 04-联合的使用 */ = {isa = PBXFileReference; explicitFileType = "compiled.mach-o.executable"; includeInIndex = 0; path = "04-联合的使用"; sourceTree = BUILT_PRODUCTS_DIR; };
		7F890A2E22757A5B004F9DBE /* main.cpp */ = {isa = PBXFileReference; lastKnownFileType = sourcecode.cpp.cpp; path = main.cpp; sourceTree = "<group>"; };
		7F890A3722758271004F9DBE /* 05-枚举 */ = {isa = PBXFileReference; explicitFileType = "compiled.mach-o.executable"; includeInIndex = 0; path = "05-枚举"; sourceTree = BUILT_PRODUCTS_DIR; };
		7F890A3922758271004F9DBE /* main.cpp */ = {isa = PBXFileReference; lastKnownFileType = sourcecode.cpp.cpp; path = main.cpp; sourceTree = "<group>"; };
		7F890A422275895D004F9DBE /* 06-布尔类型 */ = {isa = PBXFileReference; explicitFileType = "compiled.mach-o.executable"; includeInIndex = 0; path = "06-布尔类型"; sourceTree = BUILT_PRODUCTS_DIR; };
		7F890A442275895D004F9DBE /* main.cpp */ = {isa = PBXFileReference; lastKnownFileType = sourcecode.cpp.cpp; path = main.cpp; sourceTree = "<group>"; };
		7F890A4D2275A1E0004F9DBE /* 07-函数重载 */ = {isa = PBXFileReference; explicitFileType = "compiled.mach-o.executable"; includeInIndex = 0; path = "07-函数重载"; sourceTree = BUILT_PRODUCTS_DIR; };
		7F890A4F2275A1E0004F9DBE /* main.cpp */ = {isa = PBXFileReference; lastKnownFileType = sourcecode.cpp.cpp; path = main.cpp; sourceTree = "<group>"; };
		7F890A582275A89B004F9DBE /* 08-缺省参数 */ = {isa = PBXFileReference; explicitFileType = "compiled.mach-o.executable"; includeInIndex = 0; path = "08-缺省参数"; sourceTree = BUILT_PRODUCTS_DIR; };
		7F890A5A2275A89B004F9DBE /* main.cpp */ = {isa = PBXFileReference; lastKnownFileType = sourcecode.cpp.cpp; path = main.cpp; sourceTree = "<group>"; };
		7F890A632275AF7F004F9DBE /* 09-哑元 */ = {isa = PBXFileReference; explicitFileType = "compiled.mach-o.executable"; includeInIndex = 0; path = "09-哑元"; sourceTree = BUILT_PRODUCTS_DIR; };
		7F890A652275AF7F004F9DBE /* main.cpp */ = {isa = PBXFileReference; lastKnownFileType = sourcecode.cpp.cpp; path = main.cpp; sourceTree = "<group>"; };
		7F890A6E2275B407004F9DBE /* 10-内联函数 */ = {isa = PBXFileReference; explicitFileType = "compiled.mach-o.executable"; includeInIndex = 0; path = "10-内联函数"; sourceTree = BUILT_PRODUCTS_DIR; };
		7F890A702275B407004F9DBE /* main.cpp */ = {isa = PBXFileReference; lastKnownFileType = sourcecode.cpp.cpp; path = main.cpp; sourceTree = "<group>"; };
		7F890A8D2275BE62004F9DBE /* 11-C++中的new */ = {isa = PBXFileReference; explicitFileType = "compiled.mach-o.executable"; includeInIndex = 0; path = "11-C++中的new"; sourceTree = BUILT_PRODUCTS_DIR; };
		7F890A8F2275BE62004F9DBE /* main.cpp */ = {isa = PBXFileReference; lastKnownFileType = sourcecode.cpp.cpp; path = main.cpp; sourceTree = "<group>"; };
		7F890A982275CB64004F9DBE /* 12-引用的应用 */ = {isa = PBXFileReference; explicitFileType = "compiled.mach-o.executable"; includeInIndex = 0; path = "12-引用的应用"; sourceTree = BUILT_PRODUCTS_DIR; };
		7F890A9A2275CB64004F9DBE /* main.cpp */ = {isa = PBXFileReference; lastKnownFileType = sourcecode.cpp.cpp; path = main.cpp; sourceTree = "<group>"; };
		8D24E783227981C4002556CB /* 14-访问控制 */ = {isa = PBXFileReference; explicitFileType = "compiled.mach-o.executable"; includeInIndex = 0; path = "14-访问控制"; sourceTree = BUILT_PRODUCTS_DIR; };
		8D24E785227981C4002556CB /* main.cpp */ = {isa = PBXFileReference; lastKnownFileType = sourcecode.cpp.cpp; path = main.cpp; sourceTree = "<group>"; };
		8D24E78E22798610002556CB /* 15-构造函数 */ = {isa = PBXFileReference; explicitFileType = "compiled.mach-o.executable"; includeInIndex = 0; path = "15-构造函数"; sourceTree = BUILT_PRODUCTS_DIR; };
		8D24E79022798610002556CB /* main.cpp */ = {isa = PBXFileReference; lastKnownFileType = sourcecode.cpp.cpp; path = main.cpp; sourceTree = "<group>"; };
		8D24E799227991A1002556CB /* 16-初始化表 */ = {isa = PBXFileReference; explicitFileType = "compiled.mach-o.executable"; includeInIndex = 0; path = "16-初始化表"; sourceTree = BUILT_PRODUCTS_DIR; };
		8D24E79B227991A2002556CB /* main.cpp */ = {isa = PBXFileReference; lastKnownFileType = sourcecode.cpp.cpp; path = main.cpp; sourceTree = "<group>"; };
		8D24E7A422799B42002556CB /* 17-研究构造函数 */ = {isa = PBXFileReference; explicitFileType = "compiled.mach-o.executable"; includeInIndex = 0; path = "17-研究构造函数"; sourceTree = BUILT_PRODUCTS_DIR; };
		8D24E7A622799B42002556CB /* main.cpp */ = {isa = PBXFileReference; lastKnownFileType = sourcecode.cpp.cpp; path = main.cpp; sourceTree = "<group>"; };
		8D24E7AF22799C56002556CB /* 18-练习 */ = {isa = PBXFileReference; explicitFileType = "compiled.mach-o.executable"; includeInIndex = 0; path = "18-练习"; sourceTree = BUILT_PRODUCTS_DIR; };
		8D24E7B122799C56002556CB /* main.cpp */ = {isa = PBXFileReference; lastKnownFileType = sourcecode.cpp.cpp; path = main.cpp; sourceTree = "<group>"; };
		8D24E7BA2279CCE1002556CB /* 19-初始化表的必要性 */ = {isa = PBXFileReference; explicitFileType = "compiled.mach-o.executable"; includeInIndex = 0; path = "19-初始化表的必要性"; sourceTree = BUILT_PRODUCTS_DIR; };
		8D24E7BC2279CCE1002556CB /* main.cpp */ = {isa = PBXFileReference; lastKnownFileType = sourcecode.cpp.cpp; path = main.cpp; sourceTree = "<group>"; };
		8D24E7C52279D358002556CB /* 20-自定义类型转换的构造函数 */ = {isa = PBXFileReference; explicitFileType = "compiled.mach-o.executable"; includeInIndex = 0; path = "20-自定义类型转换的构造函数"; sourceTree = BUILT_PRODUCTS_DIR; };
		8D24E7C72279D358002556CB /* main.cpp */ = {isa = PBXFileReference; lastKnownFileType = sourcecode.cpp.cpp; path = main.cpp; sourceTree = "<group>"; };
		8D24E7D02279DBCF002556CB /* 21-this指针 */ = {isa = PBXFileReference; explicitFileType = "compiled.mach-o.executable"; includeInIndex = 0; path = "21-this指针"; sourceTree = BUILT_PRODUCTS_DIR; };
		8D24E7D22279DBCF002556CB /* main.cpp */ = {isa = PBXFileReference; lastKnownFileType = sourcecode.cpp.cpp; path = main.cpp; sourceTree = "<group>"; };
		8D24E7DB2279E8A2002556CB /* 22-this指针研究 */ = {isa = PBXFileReference; explicitFileType = "compiled.mach-o.executable"; includeInIndex = 0; path = "22-this指针研究"; sourceTree = BUILT_PRODUCTS_DIR; };
		8D24E7DD2279E8A3002556CB /* main.cpp */ = {isa = PBXFileReference; lastKnownFileType = sourcecode.cpp.cpp; path = main.cpp; sourceTree = "<group>"; };
		8D2B306D227C6C1C0061524F /* 23-const对象和const成员函数 */ = {isa = PBXFileReference; explicitFileType = "compiled.mach-o.executable"; includeInIndex = 0; path = "23-const对象和const成员函数"; sourceTree = BUILT_PRODUCTS_DIR; };
		8D2B306F227C6C1C0061524F /* main.cpp */ = {isa = PBXFileReference; lastKnownFileType = sourcecode.cpp.cpp; path = main.cpp; sourceTree = "<group>"; };
		8D344F452275F1850072DC18 /* 13-引用与函数 */ = {isa = PBXFileReference; explicitFileType = "compiled.mach-o.executable"; includeInIndex = 0; path = "13-引用与函数"; sourceTree = BUILT_PRODUCTS_DIR; };
		8D344F472275F1850072DC18 /* main.cpp */ = {isa = PBXFileReference; lastKnownFileType = sourcecode.cpp.cpp; path = main.cpp; sourceTree = "<group>"; };
		8D544A2B22749FC5005FA833 /* 01-helloworld */ = {isa = PBXFileReference; explicitFileType = "compiled.mach-o.executable"; includeInIndex = 0; path = "01-helloworld"; sourceTree = BUILT_PRODUCTS_DIR; };
		8D544A2D22749FC5005FA833 /* main.cpp */ = {isa = PBXFileReference; lastKnownFileType = sourcecode.cpp.cpp; path = main.cpp; sourceTree = "<group>"; };
		8D544A3622749FF4005FA833 /* 02-命名空间 */ = {isa = PBXFileReference; explicitFileType = "compiled.mach-o.executable"; includeInIndex = 0; path = "02-命名空间"; sourceTree = BUILT_PRODUCTS_DIR; };
		8D544A3822749FF4005FA833 /* main.cpp */ = {isa = PBXFileReference; lastKnownFileType = sourcecode.cpp.cpp; path = main.cpp; sourceTree = "<group>"; };
		8D544A412274A01C005FA833 /* 03-结构体和C的区别 */ = {isa = PBXFileReference; explicitFileType = "compiled.mach-o.executable"; includeInIndex = 0; path = "03-结构体和C的区别"; sourceTree = BUILT_PRODUCTS_DIR; };
		8D544A432274A01C005FA833 /* main.cpp */ = {isa = PBXFileReference; lastKnownFileType = sourcecode.cpp.cpp; path = main.cpp; sourceTree = "<group>"; };
/* End PBXFileReference section */

/* Begin PBXFrameworksBuildPhase section */
		7F890A2922757A5B004F9DBE /* Frameworks */ = {
			isa = PBXFrameworksBuildPhase;
			buildActionMask = 2147483647;
			files = (
			);
			runOnlyForDeploymentPostprocessing = 0;
		};
		7F890A3422758271004F9DBE /* Frameworks */ = {
			isa = PBXFrameworksBuildPhase;
			buildActionMask = 2147483647;
			files = (
			);
			runOnlyForDeploymentPostprocessing = 0;
		};
		7F890A3F2275895D004F9DBE /* Frameworks */ = {
			isa = PBXFrameworksBuildPhase;
			buildActionMask = 2147483647;
			files = (
			);
			runOnlyForDeploymentPostprocessing = 0;
		};
		7F890A4A2275A1E0004F9DBE /* Frameworks */ = {
			isa = PBXFrameworksBuildPhase;
			buildActionMask = 2147483647;
			files = (
			);
			runOnlyForDeploymentPostprocessing = 0;
		};
		7F890A552275A89B004F9DBE /* Frameworks */ = {
			isa = PBXFrameworksBuildPhase;
			buildActionMask = 2147483647;
			files = (
			);
			runOnlyForDeploymentPostprocessing = 0;
		};
		7F890A602275AF7F004F9DBE /* Frameworks */ = {
			isa = PBXFrameworksBuildPhase;
			buildActionMask = 2147483647;
			files = (
			);
			runOnlyForDeploymentPostprocessing = 0;
		};
		7F890A6B2275B407004F9DBE /* Frameworks */ = {
			isa = PBXFrameworksBuildPhase;
			buildActionMask = 2147483647;
			files = (
			);
			runOnlyForDeploymentPostprocessing = 0;
		};
		7F890A8A2275BE62004F9DBE /* Frameworks */ = {
			isa = PBXFrameworksBuildPhase;
			buildActionMask = 2147483647;
			files = (
			);
			runOnlyForDeploymentPostprocessing = 0;
		};
		7F890A952275CB64004F9DBE /* Frameworks */ = {
			isa = PBXFrameworksBuildPhase;
			buildActionMask = 2147483647;
			files = (
			);
			runOnlyForDeploymentPostprocessing = 0;
		};
		8D24E780227981C4002556CB /* Frameworks */ = {
			isa = PBXFrameworksBuildPhase;
			buildActionMask = 2147483647;
			files = (
			);
			runOnlyForDeploymentPostprocessing = 0;
		};
		8D24E78B22798610002556CB /* Frameworks */ = {
			isa = PBXFrameworksBuildPhase;
			buildActionMask = 2147483647;
			files = (
			);
			runOnlyForDeploymentPostprocessing = 0;
		};
		8D24E796227991A1002556CB /* Frameworks */ = {
			isa = PBXFrameworksBuildPhase;
			buildActionMask = 2147483647;
			files = (
			);
			runOnlyForDeploymentPostprocessing = 0;
		};
		8D24E7A122799B42002556CB /* Frameworks */ = {
			isa = PBXFrameworksBuildPhase;
			buildActionMask = 2147483647;
			files = (
			);
			runOnlyForDeploymentPostprocessing = 0;
		};
		8D24E7AC22799C56002556CB /* Frameworks */ = {
			isa = PBXFrameworksBuildPhase;
			buildActionMask = 2147483647;
			files = (
			);
			runOnlyForDeploymentPostprocessing = 0;
		};
		8D24E7B72279CCE1002556CB /* Frameworks */ = {
			isa = PBXFrameworksBuildPhase;
			buildActionMask = 2147483647;
			files = (
			);
			runOnlyForDeploymentPostprocessing = 0;
		};
		8D24E7C22279D358002556CB /* Frameworks */ = {
			isa = PBXFrameworksBuildPhase;
			buildActionMask = 2147483647;
			files = (
			);
			runOnlyForDeploymentPostprocessing = 0;
		};
		8D24E7CD2279DBCF002556CB /* Frameworks */ = {
			isa = PBXFrameworksBuildPhase;
			buildActionMask = 2147483647;
			files = (
			);
			runOnlyForDeploymentPostprocessing = 0;
		};
		8D24E7D82279E8A2002556CB /* Frameworks */ = {
			isa = PBXFrameworksBuildPhase;
			buildActionMask = 2147483647;
			files = (
			);
			runOnlyForDeploymentPostprocessing = 0;
		};
		8D2B306A227C6C1C0061524F /* Frameworks */ = {
			isa = PBXFrameworksBuildPhase;
			buildActionMask = 2147483647;
			files = (
			);
			runOnlyForDeploymentPostprocessing = 0;
		};
		8D344F422275F1850072DC18 /* Frameworks */ = {
			isa = PBXFrameworksBuildPhase;
			buildActionMask = 2147483647;
			files = (
			);
			runOnlyForDeploymentPostprocessing = 0;
		};
		8D544A2822749FC5005FA833 /* Frameworks */ = {
			isa = PBXFrameworksBuildPhase;
			buildActionMask = 2147483647;
			files = (
			);
			runOnlyForDeploymentPostprocessing = 0;
		};
		8D544A3322749FF4005FA833 /* Frameworks */ = {
			isa = PBXFrameworksBuildPhase;
			buildActionMask = 2147483647;
			files = (
			);
			runOnlyForDeploymentPostprocessing = 0;
		};
		8D544A3E2274A01C005FA833 /* Frameworks */ = {
			isa = PBXFrameworksBuildPhase;
			buildActionMask = 2147483647;
			files = (
			);
			runOnlyForDeploymentPostprocessing = 0;
		};
/* End PBXFrameworksBuildPhase section */

/* Begin PBXGroup section */
		7F890A2D22757A5B004F9DBE /* 04-联合的使用 */ = {
			isa = PBXGroup;
			children = (
				7F890A2E22757A5B004F9DBE /* main.cpp */,
			);
			path = "04-联合的使用";
			sourceTree = "<group>";
		};
		7F890A3822758271004F9DBE /* 05-枚举 */ = {
			isa = PBXGroup;
			children = (
				7F890A3922758271004F9DBE /* main.cpp */,
			);
			path = "05-枚举";
			sourceTree = "<group>";
		};
		7F890A432275895D004F9DBE /* 06-布尔类型 */ = {
			isa = PBXGroup;
			children = (
				7F890A442275895D004F9DBE /* main.cpp */,
			);
			path = "06-布尔类型";
			sourceTree = "<group>";
		};
		7F890A4E2275A1E0004F9DBE /* 07-函数重载 */ = {
			isa = PBXGroup;
			children = (
				7F890A4F2275A1E0004F9DBE /* main.cpp */,
			);
			path = "07-函数重载";
			sourceTree = "<group>";
		};
		7F890A592275A89B004F9DBE /* 08-缺省参数 */ = {
			isa = PBXGroup;
			children = (
				7F890A5A2275A89B004F9DBE /* main.cpp */,
			);
			path = "08-缺省参数";
			sourceTree = "<group>";
		};
		7F890A642275AF7F004F9DBE /* 09-哑元 */ = {
			isa = PBXGroup;
			children = (
				7F890A652275AF7F004F9DBE /* main.cpp */,
			);
			path = "09-哑元";
			sourceTree = "<group>";
		};
		7F890A6F2275B407004F9DBE /* 10-内联函数 */ = {
			isa = PBXGroup;
			children = (
				7F890A702275B407004F9DBE /* main.cpp */,
			);
			path = "10-内联函数";
			sourceTree = "<group>";
		};
		7F890A8E2275BE62004F9DBE /* 11-C++中的new */ = {
			isa = PBXGroup;
			children = (
				7F890A8F2275BE62004F9DBE /* main.cpp */,
			);
			path = "11-C++中的new";
			sourceTree = "<group>";
		};
		7F890A992275CB64004F9DBE /* 12-引用的应用 */ = {
			isa = PBXGroup;
			children = (
				7F890A9A2275CB64004F9DBE /* main.cpp */,
			);
			path = "12-引用的应用";
			sourceTree = "<group>";
		};
		8D24E784227981C4002556CB /* 14-访问控制 */ = {
			isa = PBXGroup;
			children = (
				8D24E785227981C4002556CB /* main.cpp */,
			);
			path = "14-访问控制";
			sourceTree = "<group>";
		};
		8D24E78F22798610002556CB /* 15-构造函数 */ = {
			isa = PBXGroup;
			children = (
				8D24E79022798610002556CB /* main.cpp */,
			);
			path = "15-构造函数";
			sourceTree = "<group>";
		};
		8D24E79A227991A2002556CB /* 16-初始化表 */ = {
			isa = PBXGroup;
			children = (
				8D24E79B227991A2002556CB /* main.cpp */,
			);
			path = "16-初始化表";
			sourceTree = "<group>";
		};
		8D24E7A522799B42002556CB /* 17-研究构造函数 */ = {
			isa = PBXGroup;
			children = (
				8D24E7A622799B42002556CB /* main.cpp */,
			);
			path = "17-研究构造函数";
			sourceTree = "<group>";
		};
		8D24E7B022799C56002556CB /* 18-练习 */ = {
			isa = PBXGroup;
			children = (
				8D24E7B122799C56002556CB /* main.cpp */,
			);
			path = "18-练习";
			sourceTree = "<group>";
		};
		8D24E7BB2279CCE1002556CB /* 19-初始化表的必要性 */ = {
			isa = PBXGroup;
			children = (
				8D24E7BC2279CCE1002556CB /* main.cpp */,
			);
			path = "19-初始化表的必要性";
			sourceTree = "<group>";
		};
		8D24E7C62279D358002556CB /* 20-自定义类型转换的构造函数 */ = {
			isa = PBXGroup;
			children = (
				8D24E7C72279D358002556CB /* main.cpp */,
			);
			path = "20-自定义类型转换的构造函数";
			sourceTree = "<group>";
		};
		8D24E7D12279DBCF002556CB /* 21-this指针 */ = {
			isa = PBXGroup;
			children = (
				8D24E7D22279DBCF002556CB /* main.cpp */,
			);
			path = "21-this指针";
			sourceTree = "<group>";
		};
		8D24E7DC2279E8A3002556CB /* 22-this指针研究 */ = {
			isa = PBXGroup;
			children = (
				8D24E7DD2279E8A3002556CB /* main.cpp */,
			);
			path = "22-this指针研究";
			sourceTree = "<group>";
		};
		8D2B306E227C6C1C0061524F /* 23-const对象和const成员函数 */ = {
			isa = PBXGroup;
			children = (
				8D2B306F227C6C1C0061524F /* main.cpp */,
			);
			path = "23-const对象和const成员函数";
			sourceTree = "<group>";
		};
		8D344F462275F1850072DC18 /* 13-引用与函数 */ = {
			isa = PBXGroup;
			children = (
				8D344F472275F1850072DC18 /* main.cpp */,
			);
			path = "13-引用与函数";
			sourceTree = "<group>";
		};
		8D544A1422749FA3005FA833 = {
			isa = PBXGroup;
			children = (
				8D544A2C22749FC5005FA833 /* 01-helloworld */,
				8D544A3722749FF4005FA833 /* 02-命名空间 */,
				8D544A422274A01C005FA833 /* 03-结构体和C的区别 */,
				7F890A2D22757A5B004F9DBE /* 04-联合的使用 */,
				7F890A3822758271004F9DBE /* 05-枚举 */,
				7F890A432275895D004F9DBE /* 06-布尔类型 */,
				7F890A4E2275A1E0004F9DBE /* 07-函数重载 */,
				7F890A592275A89B004F9DBE /* 08-缺省参数 */,
				7F890A642275AF7F004F9DBE /* 09-哑元 */,
				7F890A6F2275B407004F9DBE /* 10-内联函数 */,
				7F890A8E2275BE62004F9DBE /* 11-C++中的new */,
				7F890A992275CB64004F9DBE /* 12-引用的应用 */,
				8D344F462275F1850072DC18 /* 13-引用与函数 */,
				8D24E784227981C4002556CB /* 14-访问控制 */,
				8D24E78F22798610002556CB /* 15-构造函数 */,
				8D24E79A227991A2002556CB /* 16-初始化表 */,
				8D24E7A522799B42002556CB /* 17-研究构造函数 */,
				8D24E7B022799C56002556CB /* 18-练习 */,
				8D24E7BB2279CCE1002556CB /* 19-初始化表的必要性 */,
				8D24E7C62279D358002556CB /* 20-自定义类型转换的构造函数 */,
				8D24E7D12279DBCF002556CB /* 21-this指针 */,
				8D24E7DC2279E8A3002556CB /* 22-this指针研究 */,
				8D2B306E227C6C1C0061524F /* 23-const对象和const成员函数 */,
				8D544A1E22749FA3005FA833 /* Products */,
			);
			sourceTree = "<group>";
		};
		8D544A1E22749FA3005FA833 /* Products */ = {
			isa = PBXGroup;
			children = (
				8D544A2B22749FC5005FA833 /* 01-helloworld */,
				8D544A3622749FF4005FA833 /* 02-命名空间 */,
				8D544A412274A01C005FA833 /* 03-结构体和C的区别 */,
				7F890A2C22757A5B004F9DBE /* 04-联合的使用 */,
				7F890A3722758271004F9DBE /* 05-枚举 */,
				7F890A422275895D004F9DBE /* 06-布尔类型 */,
				7F890A4D2275A1E0004F9DBE /* 07-函数重载 */,
				7F890A582275A89B004F9DBE /* 08-缺省参数 */,
				7F890A632275AF7F004F9DBE /* 09-哑元 */,
				7F890A6E2275B407004F9DBE /* 10-内联函数 */,
				7F890A8D2275BE62004F9DBE /* 11-C++中的new */,
				7F890A982275CB64004F9DBE /* 12-引用的应用 */,
				8D344F452275F1850072DC18 /* 13-引用与函数 */,
				8D24E783227981C4002556CB /* 14-访问控制 */,
				8D24E78E22798610002556CB /* 15-构造函数 */,
				8D24E799227991A1002556CB /* 16-初始化表 */,
				8D24E7A422799B42002556CB /* 17-研究构造函数 */,
				8D24E7AF22799C56002556CB /* 18-练习 */,
				8D24E7BA2279CCE1002556CB /* 19-初始化表的必要性 */,
				8D24E7C52279D358002556CB /* 20-自定义类型转换的构造函数 */,
				8D24E7D02279DBCF002556CB /* 21-this指针 */,
				8D24E7DB2279E8A2002556CB /* 22-this指针研究 */,
				8D2B306D227C6C1C0061524F /* 23-const对象和const成员函数 */,
			);
			name = Products;
			sourceTree = "<group>";
		};
		8D544A2C22749FC5005FA833 /* 01-helloworld */ = {
			isa = PBXGroup;
			children = (
				8D544A2D22749FC5005FA833 /* main.cpp */,
			);
			path = "01-helloworld";
			sourceTree = "<group>";
		};
		8D544A3722749FF4005FA833 /* 02-命名空间 */ = {
			isa = PBXGroup;
			children = (
				8D544A3822749FF4005FA833 /* main.cpp */,
			);
			path = "02-命名空间";
			sourceTree = "<group>";
		};
		8D544A422274A01C005FA833 /* 03-结构体和C的区别 */ = {
			isa = PBXGroup;
			children = (
				8D544A432274A01C005FA833 /* main.cpp */,
			);
			path = "03-结构体和C的区别";
			sourceTree = "<group>";
		};
/* End PBXGroup section */

/* Begin PBXNativeTarget section */
		7F890A2B22757A5B004F9DBE /* 04-联合的使用 */ = {
			isa = PBXNativeTarget;
			buildConfigurationList = 7F890A3022757A5B004F9DBE /* Build configuration list for PBXNativeTarget "04-联合的使用" */;
			buildPhases = (
				7F890A2822757A5B004F9DBE /* Sources */,
				7F890A2922757A5B004F9DBE /* Frameworks */,
				7F890A2A22757A5B004F9DBE /* CopyFiles */,
			);
			buildRules = (
			);
			dependencies = (
			);
			name = "04-联合的使用";
			productName = "04-联合的使用";
			productReference = 7F890A2C22757A5B004F9DBE /* 04-联合的使用 */;
			productType = "com.apple.product-type.tool";
		};
		7F890A3622758271004F9DBE /* 05-枚举 */ = {
			isa = PBXNativeTarget;
			buildConfigurationList = 7F890A3B22758271004F9DBE /* Build configuration list for PBXNativeTarget "05-枚举" */;
			buildPhases = (
				7F890A3322758271004F9DBE /* Sources */,
				7F890A3422758271004F9DBE /* Frameworks */,
				7F890A3522758271004F9DBE /* CopyFiles */,
			);
			buildRules = (
			);
			dependencies = (
			);
			name = "05-枚举";
			productName = "05-枚举";
			productReference = 7F890A3722758271004F9DBE /* 05-枚举 */;
			productType = "com.apple.product-type.tool";
		};
		7F890A412275895D004F9DBE /* 06-布尔类型 */ = {
			isa = PBXNativeTarget;
			buildConfigurationList = 7F890A462275895D004F9DBE /* Build configuration list for PBXNativeTarget "06-布尔类型" */;
			buildPhases = (
				7F890A3E2275895D004F9DBE /* Sources */,
				7F890A3F2275895D004F9DBE /* Frameworks */,
				7F890A402275895D004F9DBE /* CopyFiles */,
			);
			buildRules = (
			);
			dependencies = (
			);
			name = "06-布尔类型";
			productName = "06-布尔类型";
			productReference = 7F890A422275895D004F9DBE /* 06-布尔类型 */;
			productType = "com.apple.product-type.tool";
		};
		7F890A4C2275A1E0004F9DBE /* 07-函数重载 */ = {
			isa = PBXNativeTarget;
			buildConfigurationList = 7F890A512275A1E0004F9DBE /* Build configuration list for PBXNativeTarget "07-函数重载" */;
			buildPhases = (
				7F890A492275A1E0004F9DBE /* Sources */,
				7F890A4A2275A1E0004F9DBE /* Frameworks */,
				7F890A4B2275A1E0004F9DBE /* CopyFiles */,
			);
			buildRules = (
			);
			dependencies = (
			);
			name = "07-函数重载";
			productName = "07-函数重载";
			productReference = 7F890A4D2275A1E0004F9DBE /* 07-函数重载 */;
			productType = "com.apple.product-type.tool";
		};
		7F890A572275A89B004F9DBE /* 08-缺省参数 */ = {
			isa = PBXNativeTarget;
			buildConfigurationList = 7F890A5C2275A89B004F9DBE /* Build configuration list for PBXNativeTarget "08-缺省参数" */;
			buildPhases = (
				7F890A542275A89B004F9DBE /* Sources */,
				7F890A552275A89B004F9DBE /* Frameworks */,
				7F890A562275A89B004F9DBE /* CopyFiles */,
			);
			buildRules = (
			);
			dependencies = (
			);
			name = "08-缺省参数";
			productName = "08-缺省参数";
			productReference = 7F890A582275A89B004F9DBE /* 08-缺省参数 */;
			productType = "com.apple.product-type.tool";
		};
		7F890A622275AF7F004F9DBE /* 09-哑元 */ = {
			isa = PBXNativeTarget;
			buildConfigurationList = 7F890A692275AF7F004F9DBE /* Build configuration list for PBXNativeTarget "09-哑元" */;
			buildPhases = (
				7F890A5F2275AF7F004F9DBE /* Sources */,
				7F890A602275AF7F004F9DBE /* Frameworks */,
				7F890A612275AF7F004F9DBE /* CopyFiles */,
			);
			buildRules = (
			);
			dependencies = (
			);
			name = "09-哑元";
			productName = "09-哑元";
			productReference = 7F890A632275AF7F004F9DBE /* 09-哑元 */;
			productType = "com.apple.product-type.tool";
		};
		7F890A6D2275B407004F9DBE /* 10-内联函数 */ = {
			isa = PBXNativeTarget;
			buildConfigurationList = 7F890A722275B407004F9DBE /* Build configuration list for PBXNativeTarget "10-内联函数" */;
			buildPhases = (
				7F890A6A2275B407004F9DBE /* Sources */,
				7F890A6B2275B407004F9DBE /* Frameworks */,
				7F890A6C2275B407004F9DBE /* CopyFiles */,
			);
			buildRules = (
			);
			dependencies = (
			);
			name = "10-内联函数";
			productName = "10-内联函数";
			productReference = 7F890A6E2275B407004F9DBE /* 10-内联函数 */;
			productType = "com.apple.product-type.tool";
		};
		7F890A8C2275BE62004F9DBE /* 11-C++中的new */ = {
			isa = PBXNativeTarget;
			buildConfigurationList = 7F890A912275BE62004F9DBE /* Build configuration list for PBXNativeTarget "11-C++中的new" */;
			buildPhases = (
				7F890A892275BE62004F9DBE /* Sources */,
				7F890A8A2275BE62004F9DBE /* Frameworks */,
				7F890A8B2275BE62004F9DBE /* CopyFiles */,
			);
			buildRules = (
			);
			dependencies = (
			);
			name = "11-C++中的new";
			productName = "11-C++中的new";
			productReference = 7F890A8D2275BE62004F9DBE /* 11-C++中的new */;
			productType = "com.apple.product-type.tool";
		};
		7F890A972275CB64004F9DBE /* 12-引用的应用 */ = {
			isa = PBXNativeTarget;
			buildConfigurationList = 7F890A9E2275CB64004F9DBE /* Build configuration list for PBXNativeTarget "12-引用的应用" */;
			buildPhases = (
				7F890A942275CB64004F9DBE /* Sources */,
				7F890A952275CB64004F9DBE /* Frameworks */,
				7F890A962275CB64004F9DBE /* CopyFiles */,
			);
			buildRules = (
			);
			dependencies = (
			);
			name = "12-引用的应用";
			productName = "12-引用的应用";
			productReference = 7F890A982275CB64004F9DBE /* 12-引用的应用 */;
			productType = "com.apple.product-type.tool";
		};
		8D24E782227981C4002556CB /* 14-访问控制 */ = {
			isa = PBXNativeTarget;
			buildConfigurationList = 8D24E789227981C4002556CB /* Build configuration list for PBXNativeTarget "14-访问控制" */;
			buildPhases = (
				8D24E77F227981C4002556CB /* Sources */,
				8D24E780227981C4002556CB /* Frameworks */,
				8D24E781227981C4002556CB /* CopyFiles */,
			);
			buildRules = (
			);
			dependencies = (
			);
			name = "14-访问控制";
			productName = "14-访问控制";
			productReference = 8D24E783227981C4002556CB /* 14-访问控制 */;
			productType = "com.apple.product-type.tool";
		};
		8D24E78D22798610002556CB /* 15-构造函数 */ = {
			isa = PBXNativeTarget;
			buildConfigurationList = 8D24E79222798610002556CB /* Build configuration list for PBXNativeTarget "15-构造函数" */;
			buildPhases = (
				8D24E78A22798610002556CB /* Sources */,
				8D24E78B22798610002556CB /* Frameworks */,
				8D24E78C22798610002556CB /* CopyFiles */,
			);
			buildRules = (
			);
			dependencies = (
			);
			name = "15-构造函数";
			productName = "15-构造函数";
			productReference = 8D24E78E22798610002556CB /* 15-构造函数 */;
			productType = "com.apple.product-type.tool";
		};
		8D24E798227991A1002556CB /* 16-初始化表 */ = {
			isa = PBXNativeTarget;
			buildConfigurationList = 8D24E79D227991A2002556CB /* Build configuration list for PBXNativeTarget "16-初始化表" */;
			buildPhases = (
				8D24E795227991A1002556CB /* Sources */,
				8D24E796227991A1002556CB /* Frameworks */,
				8D24E797227991A1002556CB /* CopyFiles */,
			);
			buildRules = (
			);
			dependencies = (
			);
			name = "16-初始化表";
			productName = "16-初始化表";
			productReference = 8D24E799227991A1002556CB /* 16-初始化表 */;
			productType = "com.apple.product-type.tool";
		};
		8D24E7A322799B42002556CB /* 17-研究构造函数 */ = {
			isa = PBXNativeTarget;
			buildConfigurationList = 8D24E7A822799B42002556CB /* Build configuration list for PBXNativeTarget "17-研究构造函数" */;
			buildPhases = (
				8D24E7A022799B42002556CB /* Sources */,
				8D24E7A122799B42002556CB /* Frameworks */,
				8D24E7A222799B42002556CB /* CopyFiles */,
			);
			buildRules = (
			);
			dependencies = (
			);
			name = "17-研究构造函数";
			productName = "17-研究构造函数";
			productReference = 8D24E7A422799B42002556CB /* 17-研究构造函数 */;
			productType = "com.apple.product-type.tool";
		};
		8D24E7AE22799C56002556CB /* 18-练习 */ = {
			isa = PBXNativeTarget;
			buildConfigurationList = 8D24E7B322799C56002556CB /* Build configuration list for PBXNativeTarget "18-练习" */;
			buildPhases = (
				8D24E7AB22799C56002556CB /* Sources */,
				8D24E7AC22799C56002556CB /* Frameworks */,
				8D24E7AD22799C56002556CB /* CopyFiles */,
			);
			buildRules = (
			);
			dependencies = (
			);
			name = "18-练习";
			productName = "18-练习";
			productReference = 8D24E7AF22799C56002556CB /* 18-练习 */;
			productType = "com.apple.product-type.tool";
		};
		8D24E7B92279CCE1002556CB /* 19-初始化表的必要性 */ = {
			isa = PBXNativeTarget;
			buildConfigurationList = 8D24E7BE2279CCE1002556CB /* Build configuration list for PBXNativeTarget "19-初始化表的必要性" */;
			buildPhases = (
				8D24E7B62279CCE1002556CB /* Sources */,
				8D24E7B72279CCE1002556CB /* Frameworks */,
				8D24E7B82279CCE1002556CB /* CopyFiles */,
			);
			buildRules = (
			);
			dependencies = (
			);
			name = "19-初始化表的必要性";
			productName = "19-初始化表的必要性";
			productReference = 8D24E7BA2279CCE1002556CB /* 19-初始化表的必要性 */;
			productType = "com.apple.product-type.tool";
		};
		8D24E7C42279D358002556CB /* 20-自定义类型转换的构造函数 */ = {
			isa = PBXNativeTarget;
			buildConfigurationList = 8D24E7C92279D358002556CB /* Build configuration list for PBXNativeTarget "20-自定义类型转换的构造函数" */;
			buildPhases = (
				8D24E7C12279D358002556CB /* Sources */,
				8D24E7C22279D358002556CB /* Frameworks */,
				8D24E7C32279D358002556CB /* CopyFiles */,
			);
			buildRules = (
			);
			dependencies = (
			);
			name = "20-自定义类型转换的构造函数";
			productName = "20-自定义类型转换的构造函数";
			productReference = 8D24E7C52279D358002556CB /* 20-自定义类型转换的构造函数 */;
			productType = "com.apple.product-type.tool";
		};
		8D24E7CF2279DBCF002556CB /* 21-this指针 */ = {
			isa = PBXNativeTarget;
			buildConfigurationList = 8D24E7D42279DBCF002556CB /* Build configuration list for PBXNativeTarget "21-this指针" */;
			buildPhases = (
				8D24E7CC2279DBCF002556CB /* Sources */,
				8D24E7CD2279DBCF002556CB /* Frameworks */,
				8D24E7CE2279DBCF002556CB /* CopyFiles */,
			);
			buildRules = (
			);
			dependencies = (
			);
			name = "21-this指针";
			productName = "21-this指针";
			productReference = 8D24E7D02279DBCF002556CB /* 21-this指针 */;
			productType = "com.apple.product-type.tool";
		};
		8D24E7DA2279E8A2002556CB /* 22-this指针研究 */ = {
			isa = PBXNativeTarget;
			buildConfigurationList = 8D24E7DF2279E8A3002556CB /* Build configuration list for PBXNativeTarget "22-this指针研究" */;
			buildPhases = (
				8D24E7D72279E8A2002556CB /* Sources */,
				8D24E7D82279E8A2002556CB /* Frameworks */,
				8D24E7D92279E8A2002556CB /* CopyFiles */,
			);
			buildRules = (
			);
			dependencies = (
			);
			name = "22-this指针研究";
			productName = "22-this指针研究";
			productReference = 8D24E7DB2279E8A2002556CB /* 22-this指针研究 */;
			productType = "com.apple.product-type.tool";
		};
		8D2B306C227C6C1C0061524F /* 23-const对象和const成员函数 */ = {
			isa = PBXNativeTarget;
			buildConfigurationList = 8D2B3073227C6C1C0061524F /* Build configuration list for PBXNativeTarget "23-const对象和const成员函数" */;
			buildPhases = (
				8D2B3069227C6C1C0061524F /* Sources */,
				8D2B306A227C6C1C0061524F /* Frameworks */,
				8D2B306B227C6C1C0061524F /* CopyFiles */,
			);
			buildRules = (
			);
			dependencies = (
			);
			name = "23-const对象和const成员函数";
			productName = "23-const对象和const成员函数";
			productReference = 8D2B306D227C6C1C0061524F /* 23-const对象和const成员函数 */;
			productType = "com.apple.product-type.tool";
		};
		8D344F442275F1850072DC18 /* 13-引用与函数 */ = {
			isa = PBXNativeTarget;
			buildConfigurationList = 8D344F4B2275F1850072DC18 /* Build configuration list for PBXNativeTarget "13-引用与函数" */;
			buildPhases = (
				8D344F412275F1850072DC18 /* Sources */,
				8D344F422275F1850072DC18 /* Frameworks */,
				8D344F432275F1850072DC18 /* CopyFiles */,
			);
			buildRules = (
			);
			dependencies = (
			);
			name = "13-引用与函数";
			productName = "13-引用与函数";
			productReference = 8D344F452275F1850072DC18 /* 13-引用与函数 */;
			productType = "com.apple.product-type.tool";
		};
		8D544A2A22749FC5005FA833 /* 01-helloworld */ = {
			isa = PBXNativeTarget;
			buildConfigurationList = 8D544A2F22749FC5005FA833 /* Build configuration list for PBXNativeTarget "01-helloworld" */;
			buildPhases = (
				8D544A2722749FC5005FA833 /* Sources */,
				8D544A2822749FC5005FA833 /* Frameworks */,
				8D544A2922749FC5005FA833 /* CopyFiles */,
			);
			buildRules = (
			);
			dependencies = (
			);
			name = "01-helloworld";
			productName = "01-helloworld";
			productReference = 8D544A2B22749FC5005FA833 /* 01-helloworld */;
			productType = "com.apple.product-type.tool";
		};
		8D544A3522749FF4005FA833 /* 02-命名空间 */ = {
			isa = PBXNativeTarget;
			buildConfigurationList = 8D544A3A22749FF4005FA833 /* Build configuration list for PBXNativeTarget "02-命名空间" */;
			buildPhases = (
				8D544A3222749FF4005FA833 /* Sources */,
				8D544A3322749FF4005FA833 /* Frameworks */,
				8D544A3422749FF4005FA833 /* CopyFiles */,
			);
			buildRules = (
			);
			dependencies = (
			);
			name = "02-命名空间";
			productName = "02-命名空间";
			productReference = 8D544A3622749FF4005FA833 /* 02-命名空间 */;
			productType = "com.apple.product-type.tool";
		};
		8D544A402274A01C005FA833 /* 03-结构体和C的区别 */ = {
			isa = PBXNativeTarget;
			buildConfigurationList = 8D544A452274A01C005FA833 /* Build configuration list for PBXNativeTarget "03-结构体和C的区别" */;
			buildPhases = (
				8D544A3D2274A01C005FA833 /* Sources */,
				8D544A3E2274A01C005FA833 /* Frameworks */,
				8D544A3F2274A01C005FA833 /* CopyFiles */,
			);
			buildRules = (
			);
			dependencies = (
			);
			name = "03-结构体和C的区别";
			productName = "03-结构体和C的区别";
			productReference = 8D544A412274A01C005FA833 /* 03-结构体和C的区别 */;
			productType = "com.apple.product-type.tool";
		};
/* End PBXNativeTarget section */

/* Begin PBXProject section */
		8D544A1522749FA3005FA833 /* Project object */ = {
			isa = PBXProject;
			attributes = {
				LastSwiftUpdateCheck = 1020;
				LastUpgradeCheck = 1020;
				ORGANIZATIONNAME = Ne;
				TargetAttributes = {
					7F890A2B22757A5B004F9DBE = {
						CreatedOnToolsVersion = 10.2.1;
					};
					7F890A3622758271004F9DBE = {
						CreatedOnToolsVersion = 10.2.1;
					};
					7F890A412275895D004F9DBE = {
						CreatedOnToolsVersion = 10.2.1;
					};
					7F890A4C2275A1E0004F9DBE = {
						CreatedOnToolsVersion = 10.2.1;
					};
					7F890A572275A89B004F9DBE = {
						CreatedOnToolsVersion = 10.2.1;
					};
					7F890A622275AF7F004F9DBE = {
						CreatedOnToolsVersion = 10.2.1;
					};
					7F890A6D2275B407004F9DBE = {
						CreatedOnToolsVersion = 10.2.1;
					};
					7F890A8C2275BE62004F9DBE = {
						CreatedOnToolsVersion = 10.2.1;
					};
					7F890A972275CB64004F9DBE = {
						CreatedOnToolsVersion = 10.2.1;
					};
					8D24E782227981C4002556CB = {
						CreatedOnToolsVersion = 10.2.1;
					};
					8D24E78D22798610002556CB = {
						CreatedOnToolsVersion = 10.2.1;
					};
					8D24E798227991A1002556CB = {
						CreatedOnToolsVersion = 10.2.1;
					};
					8D24E7A322799B42002556CB = {
						CreatedOnToolsVersion = 10.2.1;
					};
					8D24E7AE22799C56002556CB = {
						CreatedOnToolsVersion = 10.2.1;
					};
					8D24E7B92279CCE1002556CB = {
						CreatedOnToolsVersion = 10.2.1;
					};
					8D24E7C42279D358002556CB = {
						CreatedOnToolsVersion = 10.2.1;
					};
					8D24E7CF2279DBCF002556CB = {
						CreatedOnToolsVersion = 10.2.1;
					};
					8D24E7DA2279E8A2002556CB = {
						CreatedOnToolsVersion = 10.2.1;
					};
					8D2B306C227C6C1C0061524F = {
						CreatedOnToolsVersion = 10.2.1;
					};
					8D344F442275F1850072DC18 = {
						CreatedOnToolsVersion = 10.2.1;
					};
					8D544A2A22749FC5005FA833 = {
						CreatedOnToolsVersion = 10.2.1;
					};
					8D544A3522749FF4005FA833 = {
						CreatedOnToolsVersion = 10.2.1;
					};
					8D544A402274A01C005FA833 = {
						CreatedOnToolsVersion = 10.2.1;
					};
				};
			};
			buildConfigurationList = 8D544A1822749FA3005FA833 /* Build configuration list for PBXProject "C++" */;
			compatibilityVersion = "Xcode 9.3";
			developmentRegion = en;
			hasScannedForEncodings = 0;
			knownRegions = (
				en,
				Base,
			);
			mainGroup = 8D544A1422749FA3005FA833;
			productRefGroup = 8D544A1E22749FA3005FA833 /* Products */;
			projectDirPath = "";
			projectRoot = "";
			targets = (
				8D544A2A22749FC5005FA833 /* 01-helloworld */,
				8D544A3522749FF4005FA833 /* 02-命名空间 */,
				8D544A402274A01C005FA833 /* 03-结构体和C的区别 */,
				7F890A2B22757A5B004F9DBE /* 04-联合的使用 */,
				7F890A3622758271004F9DBE /* 05-枚举 */,
				7F890A412275895D004F9DBE /* 06-布尔类型 */,
				7F890A4C2275A1E0004F9DBE /* 07-函数重载 */,
				7F890A572275A89B004F9DBE /* 08-缺省参数 */,
				7F890A622275AF7F004F9DBE /* 09-哑元 */,
				7F890A6D2275B407004F9DBE /* 10-内联函数 */,
				7F890A8C2275BE62004F9DBE /* 11-C++中的new */,
				7F890A972275CB64004F9DBE /* 12-引用的应用 */,
				8D344F442275F1850072DC18 /* 13-引用与函数 */,
				8D24E782227981C4002556CB /* 14-访问控制 */,
				8D24E78D22798610002556CB /* 15-构造函数 */,
				8D24E798227991A1002556CB /* 16-初始化表 */,
				8D24E7A322799B42002556CB /* 17-研究构造函数 */,
				8D24E7AE22799C56002556CB /* 18-练习 */,
				8D24E7B92279CCE1002556CB /* 19-初始化表的必要性 */,
				8D24E7C42279D358002556CB /* 20-自定义类型转换的构造函数 */,
				8D24E7CF2279DBCF002556CB /* 21-this指针 */,
				8D24E7DA2279E8A2002556CB /* 22-this指针研究 */,
				8D2B306C227C6C1C0061524F /* 23-const对象和const成员函数 */,
			);
		};
/* End PBXProject section */

/* Begin PBXSourcesBuildPhase section */
		7F890A2822757A5B004F9DBE /* Sources */ = {
			isa = PBXSourcesBuildPhase;
			buildActionMask = 2147483647;
			files = (
				7F890A2F22757A5B004F9DBE /* main.cpp in Sources */,
			);
			runOnlyForDeploymentPostprocessing = 0;
		};
		7F890A3322758271004F9DBE /* Sources */ = {
			isa = PBXSourcesBuildPhase;
			buildActionMask = 2147483647;
			files = (
				7F890A3A22758271004F9DBE /* main.cpp in Sources */,
			);
			runOnlyForDeploymentPostprocessing = 0;
		};
		7F890A3E2275895D004F9DBE /* Sources */ = {
			isa = PBXSourcesBuildPhase;
			buildActionMask = 2147483647;
			files = (
				7F890A452275895D004F9DBE /* main.cpp in Sources */,
			);
			runOnlyForDeploymentPostprocessing = 0;
		};
		7F890A492275A1E0004F9DBE /* Sources */ = {
			isa = PBXSourcesBuildPhase;
			buildActionMask = 2147483647;
			files = (
				7F890A502275A1E0004F9DBE /* main.cpp in Sources */,
			);
			runOnlyForDeploymentPostprocessing = 0;
		};
		7F890A542275A89B004F9DBE /* Sources */ = {
			isa = PBXSourcesBuildPhase;
			buildActionMask = 2147483647;
			files = (
				7F890A5B2275A89B004F9DBE /* main.cpp in Sources */,
			);
			runOnlyForDeploymentPostprocessing = 0;
		};
		7F890A5F2275AF7F004F9DBE /* Sources */ = {
			isa = PBXSourcesBuildPhase;
			buildActionMask = 2147483647;
			files = (
				7F890A662275AF7F004F9DBE /* main.cpp in Sources */,
			);
			runOnlyForDeploymentPostprocessing = 0;
		};
		7F890A6A2275B407004F9DBE /* Sources */ = {
			isa = PBXSourcesBuildPhase;
			buildActionMask = 2147483647;
			files = (
				7F890A712275B407004F9DBE /* main.cpp in Sources */,
			);
			runOnlyForDeploymentPostprocessing = 0;
		};
		7F890A892275BE62004F9DBE /* Sources */ = {
			isa = PBXSourcesBuildPhase;
			buildActionMask = 2147483647;
			files = (
				7F890A902275BE62004F9DBE /* main.cpp in Sources */,
			);
			runOnlyForDeploymentPostprocessing = 0;
		};
		7F890A942275CB64004F9DBE /* Sources */ = {
			isa = PBXSourcesBuildPhase;
			buildActionMask = 2147483647;
			files = (
				7F890A9B2275CB64004F9DBE /* main.cpp in Sources */,
			);
			runOnlyForDeploymentPostprocessing = 0;
		};
		8D24E77F227981C4002556CB /* Sources */ = {
			isa = PBXSourcesBuildPhase;
			buildActionMask = 2147483647;
			files = (
				8D24E786227981C4002556CB /* main.cpp in Sources */,
			);
			runOnlyForDeploymentPostprocessing = 0;
		};
		8D24E78A22798610002556CB /* Sources */ = {
			isa = PBXSourcesBuildPhase;
			buildActionMask = 2147483647;
			files = (
				8D24E79122798610002556CB /* main.cpp in Sources */,
			);
			runOnlyForDeploymentPostprocessing = 0;
		};
		8D24E795227991A1002556CB /* Sources */ = {
			isa = PBXSourcesBuildPhase;
			buildActionMask = 2147483647;
			files = (
				8D24E79C227991A2002556CB /* main.cpp in Sources */,
			);
			runOnlyForDeploymentPostprocessing = 0;
		};
		8D24E7A022799B42002556CB /* Sources */ = {
			isa = PBXSourcesBuildPhase;
			buildActionMask = 2147483647;
			files = (
				8D24E7A722799B42002556CB /* main.cpp in Sources */,
			);
			runOnlyForDeploymentPostprocessing = 0;
		};
		8D24E7AB22799C56002556CB /* Sources */ = {
			isa = PBXSourcesBuildPhase;
			buildActionMask = 2147483647;
			files = (
				8D24E7B222799C56002556CB /* main.cpp in Sources */,
			);
			runOnlyForDeploymentPostprocessing = 0;
		};
		8D24E7B62279CCE1002556CB /* Sources */ = {
			isa = PBXSourcesBuildPhase;
			buildActionMask = 2147483647;
			files = (
				8D24E7BD2279CCE1002556CB /* main.cpp in Sources */,
			);
			runOnlyForDeploymentPostprocessing = 0;
		};
		8D24E7C12279D358002556CB /* Sources */ = {
			isa = PBXSourcesBuildPhase;
			buildActionMask = 2147483647;
			files = (
				8D24E7C82279D358002556CB /* main.cpp in Sources */,
			);
			runOnlyForDeploymentPostprocessing = 0;
		};
		8D24E7CC2279DBCF002556CB /* Sources */ = {
			isa = PBXSourcesBuildPhase;
			buildActionMask = 2147483647;
			files = (
				8D24E7D32279DBCF002556CB /* main.cpp in Sources */,
			);
			runOnlyForDeploymentPostprocessing = 0;
		};
		8D24E7D72279E8A2002556CB /* Sources */ = {
			isa = PBXSourcesBuildPhase;
			buildActionMask = 2147483647;
			files = (
				8D24E7DE2279E8A3002556CB /* main.cpp in Sources */,
			);
			runOnlyForDeploymentPostprocessing = 0;
		};
		8D2B3069227C6C1C0061524F /* Sources */ = {
			isa = PBXSourcesBuildPhase;
			buildActionMask = 2147483647;
			files = (
				8D2B3070227C6C1C0061524F /* main.cpp in Sources */,
			);
			runOnlyForDeploymentPostprocessing = 0;
		};
		8D344F412275F1850072DC18 /* Sources */ = {
			isa = PBXSourcesBuildPhase;
			buildActionMask = 2147483647;
			files = (
				8D344F482275F1850072DC18 /* main.cpp in Sources */,
			);
			runOnlyForDeploymentPostprocessing = 0;
		};
		8D544A2722749FC5005FA833 /* Sources */ = {
			isa = PBXSourcesBuildPhase;
			buildActionMask = 2147483647;
			files = (
				8D544A2E22749FC5005FA833 /* main.cpp in Sources */,
			);
			runOnlyForDeploymentPostprocessing = 0;
		};
		8D544A3222749FF4005FA833 /* Sources */ = {
			isa = PBXSourcesBuildPhase;
			buildActionMask = 2147483647;
			files = (
				8D544A3922749FF4005FA833 /* main.cpp in Sources */,
			);
			runOnlyForDeploymentPostprocessing = 0;
		};
		8D544A3D2274A01C005FA833 /* Sources */ = {
			isa = PBXSourcesBuildPhase;
			buildActionMask = 2147483647;
			files = (
				8D544A442274A01C005FA833 /* main.cpp in Sources */,
			);
			runOnlyForDeploymentPostprocessing = 0;
		};
/* End PBXSourcesBuildPhase section */

/* Begin XCBuildConfiguration section */
		7F890A3122757A5B004F9DBE /* Debug */ = {
			isa = XCBuildConfiguration;
			buildSettings = {
				CODE_SIGN_STYLE = Automatic;
				PRODUCT_NAME = "$(TARGET_NAME)";
			};
			name = Debug;
		};
		7F890A3222757A5B004F9DBE /* Release */ = {
			isa = XCBuildConfiguration;
			buildSettings = {
				CODE_SIGN_STYLE = Automatic;
				PRODUCT_NAME = "$(TARGET_NAME)";
			};
			name = Release;
		};
		7F890A3C22758271004F9DBE /* Debug */ = {
			isa = XCBuildConfiguration;
			buildSettings = {
				CODE_SIGN_STYLE = Automatic;
				PRODUCT_NAME = "$(TARGET_NAME)";
			};
			name = Debug;
		};
		7F890A3D22758271004F9DBE /* Release */ = {
			isa = XCBuildConfiguration;
			buildSettings = {
				CODE_SIGN_STYLE = Automatic;
				PRODUCT_NAME = "$(TARGET_NAME)";
			};
			name = Release;
		};
		7F890A472275895D004F9DBE /* Debug */ = {
			isa = XCBuildConfiguration;
			buildSettings = {
				CODE_SIGN_STYLE = Automatic;
				PRODUCT_NAME = "$(TARGET_NAME)";
			};
			name = Debug;
		};
		7F890A482275895D004F9DBE /* Release */ = {
			isa = XCBuildConfiguration;
			buildSettings = {
				CODE_SIGN_STYLE = Automatic;
				PRODUCT_NAME = "$(TARGET_NAME)";
			};
			name = Release;
		};
		7F890A522275A1E0004F9DBE /* Debug */ = {
			isa = XCBuildConfiguration;
			buildSettings = {
				CODE_SIGN_STYLE = Automatic;
				PRODUCT_NAME = "$(TARGET_NAME)";
			};
			name = Debug;
		};
		7F890A532275A1E0004F9DBE /* Release */ = {
			isa = XCBuildConfiguration;
			buildSettings = {
				CODE_SIGN_STYLE = Automatic;
				PRODUCT_NAME = "$(TARGET_NAME)";
			};
			name = Release;
		};
		7F890A5D2275A89B004F9DBE /* Debug */ = {
			isa = XCBuildConfiguration;
			buildSettings = {
				CODE_SIGN_STYLE = Automatic;
				PRODUCT_NAME = "$(TARGET_NAME)";
			};
			name = Debug;
		};
		7F890A5E2275A89B004F9DBE /* Release */ = {
			isa = XCBuildConfiguration;
			buildSettings = {
				CODE_SIGN_STYLE = Automatic;
				PRODUCT_NAME = "$(TARGET_NAME)";
			};
			name = Release;
		};
		7F890A672275AF7F004F9DBE /* Debug */ = {
			isa = XCBuildConfiguration;
			buildSettings = {
				CODE_SIGN_STYLE = Automatic;
				PRODUCT_NAME = "$(TARGET_NAME)";
			};
			name = Debug;
		};
		7F890A682275AF7F004F9DBE /* Release */ = {
			isa = XCBuildConfiguration;
			buildSettings = {
				CODE_SIGN_STYLE = Automatic;
				PRODUCT_NAME = "$(TARGET_NAME)";
			};
			name = Release;
		};
		7F890A732275B407004F9DBE /* Debug */ = {
			isa = XCBuildConfiguration;
			buildSettings = {
				CODE_SIGN_STYLE = Automatic;
				PRODUCT_NAME = "$(TARGET_NAME)";
			};
			name = Debug;
		};
		7F890A742275B407004F9DBE /* Release */ = {
			isa = XCBuildConfiguration;
			buildSettings = {
				CODE_SIGN_STYLE = Automatic;
				PRODUCT_NAME = "$(TARGET_NAME)";
			};
			name = Release;
		};
		7F890A922275BE62004F9DBE /* Debug */ = {
			isa = XCBuildConfiguration;
			buildSettings = {
				CODE_SIGN_STYLE = Automatic;
				PRODUCT_NAME = "$(TARGET_NAME)";
			};
			name = Debug;
		};
		7F890A932275BE62004F9DBE /* Release */ = {
			isa = XCBuildConfiguration;
			buildSettings = {
				CODE_SIGN_STYLE = Automatic;
				PRODUCT_NAME = "$(TARGET_NAME)";
			};
			name = Release;
		};
		7F890A9C2275CB64004F9DBE /* Debug */ = {
			isa = XCBuildConfiguration;
			buildSettings = {
				CODE_SIGN_STYLE = Automatic;
				PRODUCT_NAME = "$(TARGET_NAME)";
			};
			name = Debug;
		};
		7F890A9D2275CB64004F9DBE /* Release */ = {
			isa = XCBuildConfiguration;
			buildSettings = {
				CODE_SIGN_STYLE = Automatic;
				PRODUCT_NAME = "$(TARGET_NAME)";
			};
			name = Release;
		};
		8D24E787227981C4002556CB /* Debug */ = {
			isa = XCBuildConfiguration;
			buildSettings = {
				CODE_SIGN_STYLE = Automatic;
				PRODUCT_NAME = "$(TARGET_NAME)";
			};
			name = Debug;
		};
		8D24E788227981C4002556CB /* Release */ = {
			isa = XCBuildConfiguration;
			buildSettings = {
				CODE_SIGN_STYLE = Automatic;
				PRODUCT_NAME = "$(TARGET_NAME)";
			};
			name = Release;
		};
		8D24E79322798610002556CB /* Debug */ = {
			isa = XCBuildConfiguration;
			buildSettings = {
				CODE_SIGN_STYLE = Automatic;
				PRODUCT_NAME = "$(TARGET_NAME)";
			};
			name = Debug;
		};
		8D24E79422798610002556CB /* Release */ = {
			isa = XCBuildConfiguration;
			buildSettings = {
				CODE_SIGN_STYLE = Automatic;
				PRODUCT_NAME = "$(TARGET_NAME)";
			};
			name = Release;
		};
		8D24E79E227991A2002556CB /* Debug */ = {
			isa = XCBuildConfiguration;
			buildSettings = {
				CODE_SIGN_STYLE = Automatic;
				PRODUCT_NAME = "$(TARGET_NAME)";
			};
			name = Debug;
		};
		8D24E79F227991A2002556CB /* Release */ = {
			isa = XCBuildConfiguration;
			buildSettings = {
				CODE_SIGN_STYLE = Automatic;
				PRODUCT_NAME = "$(TARGET_NAME)";
			};
			name = Release;
		};
		8D24E7A922799B42002556CB /* Debug */ = {
			isa = XCBuildConfiguration;
			buildSettings = {
				CODE_SIGN_STYLE = Automatic;
				PRODUCT_NAME = "$(TARGET_NAME)";
			};
			name = Debug;
		};
		8D24E7AA22799B42002556CB /* Release */ = {
			isa = XCBuildConfiguration;
			buildSettings = {
				CODE_SIGN_STYLE = Automatic;
				PRODUCT_NAME = "$(TARGET_NAME)";
			};
			name = Release;
		};
		8D24E7B422799C56002556CB /* Debug */ = {
			isa = XCBuildConfiguration;
			buildSettings = {
				CODE_SIGN_STYLE = Automatic;
				PRODUCT_NAME = "$(TARGET_NAME)";
			};
			name = Debug;
		};
		8D24E7B522799C56002556CB /* Release */ = {
			isa = XCBuildConfiguration;
			buildSettings = {
				CODE_SIGN_STYLE = Automatic;
				PRODUCT_NAME = "$(TARGET_NAME)";
			};
			name = Release;
		};
		8D24E7BF2279CCE1002556CB /* Debug */ = {
			isa = XCBuildConfiguration;
			buildSettings = {
				CODE_SIGN_STYLE = Automatic;
				PRODUCT_NAME = "$(TARGET_NAME)";
			};
			name = Debug;
		};
		8D24E7C02279CCE1002556CB /* Release */ = {
			isa = XCBuildConfiguration;
			buildSettings = {
				CODE_SIGN_STYLE = Automatic;
				PRODUCT_NAME = "$(TARGET_NAME)";
			};
			name = Release;
		};
		8D24E7CA2279D358002556CB /* Debug */ = {
			isa = XCBuildConfiguration;
			buildSettings = {
				CODE_SIGN_STYLE = Automatic;
				PRODUCT_NAME = "$(TARGET_NAME)";
			};
			name = Debug;
		};
		8D24E7CB2279D358002556CB /* Release */ = {
			isa = XCBuildConfiguration;
			buildSettings = {
				CODE_SIGN_STYLE = Automatic;
				PRODUCT_NAME = "$(TARGET_NAME)";
			};
			name = Release;
		};
		8D24E7D52279DBCF002556CB /* Debug */ = {
			isa = XCBuildConfiguration;
			buildSettings = {
				CODE_SIGN_STYLE = Automatic;
				PRODUCT_NAME = "$(TARGET_NAME)";
			};
			name = Debug;
		};
		8D24E7D62279DBCF002556CB /* Release */ = {
			isa = XCBuildConfiguration;
			buildSettings = {
				CODE_SIGN_STYLE = Automatic;
				PRODUCT_NAME = "$(TARGET_NAME)";
			};
			name = Release;
		};
		8D24E7E02279E8A3002556CB /* Debug */ = {
			isa = XCBuildConfiguration;
			buildSettings = {
				CODE_SIGN_STYLE = Automatic;
				PRODUCT_NAME = "$(TARGET_NAME)";
			};
			name = Debug;
		};
		8D24E7E12279E8A3002556CB /* Release */ = {
			isa = XCBuildConfiguration;
			buildSettings = {
				CODE_SIGN_STYLE = Automatic;
				PRODUCT_NAME = "$(TARGET_NAME)";
			};
			name = Release;
		};
		8D2B3071227C6C1C0061524F /* Debug */ = {
			isa = XCBuildConfiguration;
			buildSettings = {
				CODE_SIGN_STYLE = Automatic;
				PRODUCT_NAME = "$(TARGET_NAME)";
			};
			name = Debug;
		};
		8D2B3072227C6C1C0061524F /* Release */ = {
			isa = XCBuildConfiguration;
			buildSettings = {
				CODE_SIGN_STYLE = Automatic;
				PRODUCT_NAME = "$(TARGET_NAME)";
			};
			name = Release;
		};
		8D344F492275F1850072DC18 /* Debug */ = {
			isa = XCBuildConfiguration;
			buildSettings = {
				CODE_SIGN_STYLE = Automatic;
				PRODUCT_NAME = "$(TARGET_NAME)";
			};
			name = Debug;
		};
		8D344F4A2275F1850072DC18 /* Release */ = {
			isa = XCBuildConfiguration;
			buildSettings = {
				CODE_SIGN_STYLE = Automatic;
				PRODUCT_NAME = "$(TARGET_NAME)";
			};
			name = Release;
		};
		8D544A2222749FA3005FA833 /* Debug */ = {
			isa = XCBuildConfiguration;
			buildSettings = {
				ALWAYS_SEARCH_USER_PATHS = NO;
				CLANG_ANALYZER_NONNULL = YES;
				CLANG_ANALYZER_NUMBER_OBJECT_CONVERSION = YES_AGGRESSIVE;
				CLANG_CXX_LANGUAGE_STANDARD = "gnu++14";
				CLANG_CXX_LIBRARY = "libc++";
				CLANG_ENABLE_MODULES = YES;
				CLANG_ENABLE_OBJC_ARC = YES;
				CLANG_ENABLE_OBJC_WEAK = YES;
				CLANG_WARN_BLOCK_CAPTURE_AUTORELEASING = YES;
				CLANG_WARN_BOOL_CONVERSION = YES;
				CLANG_WARN_COMMA = YES;
				CLANG_WARN_CONSTANT_CONVERSION = YES;
				CLANG_WARN_DEPRECATED_OBJC_IMPLEMENTATIONS = YES;
				CLANG_WARN_DIRECT_OBJC_ISA_USAGE = YES_ERROR;
				CLANG_WARN_DOCUMENTATION_COMMENTS = YES;
				CLANG_WARN_EMPTY_BODY = YES;
				CLANG_WARN_ENUM_CONVERSION = YES;
				CLANG_WARN_INFINITE_RECURSION = YES;
				CLANG_WARN_INT_CONVERSION = YES;
				CLANG_WARN_NON_LITERAL_NULL_CONVERSION = YES;
				CLANG_WARN_OBJC_IMPLICIT_RETAIN_SELF = YES;
				CLANG_WARN_OBJC_LITERAL_CONVERSION = YES;
				CLANG_WARN_OBJC_ROOT_CLASS = YES_ERROR;
				CLANG_WARN_RANGE_LOOP_ANALYSIS = YES;
				CLANG_WARN_STRICT_PROTOTYPES = YES;
				CLANG_WARN_SUSPICIOUS_MOVE = YES;
				CLANG_WARN_UNGUARDED_AVAILABILITY = YES_AGGRESSIVE;
				CLANG_WARN_UNREACHABLE_CODE = YES;
				CLANG_WARN__DUPLICATE_METHOD_MATCH = YES;
				CODE_SIGN_IDENTITY = "-";
				COPY_PHASE_STRIP = NO;
				DEBUG_INFORMATION_FORMAT = dwarf;
				ENABLE_STRICT_OBJC_MSGSEND = YES;
				ENABLE_TESTABILITY = YES;
				GCC_C_LANGUAGE_STANDARD = gnu11;
				GCC_DYNAMIC_NO_PIC = NO;
				GCC_NO_COMMON_BLOCKS = YES;
				GCC_OPTIMIZATION_LEVEL = 0;
				GCC_PREPROCESSOR_DEFINITIONS = (
					"DEBUG=1",
					"$(inherited)",
				);
				GCC_WARN_64_TO_32_BIT_CONVERSION = YES;
				GCC_WARN_ABOUT_RETURN_TYPE = YES_ERROR;
				GCC_WARN_UNDECLARED_SELECTOR = YES;
				GCC_WARN_UNINITIALIZED_AUTOS = YES_AGGRESSIVE;
				GCC_WARN_UNUSED_FUNCTION = YES;
				GCC_WARN_UNUSED_VARIABLE = YES;
				MACOSX_DEPLOYMENT_TARGET = 10.14;
				MTL_ENABLE_DEBUG_INFO = INCLUDE_SOURCE;
				MTL_FAST_MATH = YES;
				ONLY_ACTIVE_ARCH = YES;
				SDKROOT = macosx;
			};
			name = Debug;
		};
		8D544A2322749FA3005FA833 /* Release */ = {
			isa = XCBuildConfiguration;
			buildSettings = {
				ALWAYS_SEARCH_USER_PATHS = NO;
				CLANG_ANALYZER_NONNULL = YES;
				CLANG_ANALYZER_NUMBER_OBJECT_CONVERSION = YES_AGGRESSIVE;
				CLANG_CXX_LANGUAGE_STANDARD = "gnu++14";
				CLANG_CXX_LIBRARY = "libc++";
				CLANG_ENABLE_MODULES = YES;
				CLANG_ENABLE_OBJC_ARC = YES;
				CLANG_ENABLE_OBJC_WEAK = YES;
				CLANG_WARN_BLOCK_CAPTURE_AUTORELEASING = YES;
				CLANG_WARN_BOOL_CONVERSION = YES;
				CLANG_WARN_COMMA = YES;
				CLANG_WARN_CONSTANT_CONVERSION = YES;
				CLANG_WARN_DEPRECATED_OBJC_IMPLEMENTATIONS = YES;
				CLANG_WARN_DIRECT_OBJC_ISA_USAGE = YES_ERROR;
				CLANG_WARN_DOCUMENTATION_COMMENTS = YES;
				CLANG_WARN_EMPTY_BODY = YES;
				CLANG_WARN_ENUM_CONVERSION = YES;
				CLANG_WARN_INFINITE_RECURSION = YES;
				CLANG_WARN_INT_CONVERSION = YES;
				CLANG_WARN_NON_LITERAL_NULL_CONVERSION = YES;
				CLANG_WARN_OBJC_IMPLICIT_RETAIN_SELF = YES;
				CLANG_WARN_OBJC_LITERAL_CONVERSION = YES;
				CLANG_WARN_OBJC_ROOT_CLASS = YES_ERROR;
				CLANG_WARN_RANGE_LOOP_ANALYSIS = YES;
				CLANG_WARN_STRICT_PROTOTYPES = YES;
				CLANG_WARN_SUSPICIOUS_MOVE = YES;
				CLANG_WARN_UNGUARDED_AVAILABILITY = YES_AGGRESSIVE;
				CLANG_WARN_UNREACHABLE_CODE = YES;
				CLANG_WARN__DUPLICATE_METHOD_MATCH = YES;
				CODE_SIGN_IDENTITY = "-";
				COPY_PHASE_STRIP = NO;
				DEBUG_INFORMATION_FORMAT = "dwarf-with-dsym";
				ENABLE_NS_ASSERTIONS = NO;
				ENABLE_STRICT_OBJC_MSGSEND = YES;
				GCC_C_LANGUAGE_STANDARD = gnu11;
				GCC_NO_COMMON_BLOCKS = YES;
				GCC_WARN_64_TO_32_BIT_CONVERSION = YES;
				GCC_WARN_ABOUT_RETURN_TYPE = YES_ERROR;
				GCC_WARN_UNDECLARED_SELECTOR = YES;
				GCC_WARN_UNINITIALIZED_AUTOS = YES_AGGRESSIVE;
				GCC_WARN_UNUSED_FUNCTION = YES;
				GCC_WARN_UNUSED_VARIABLE = YES;
				MACOSX_DEPLOYMENT_TARGET = 10.14;
				MTL_ENABLE_DEBUG_INFO = NO;
				MTL_FAST_MATH = YES;
				SDKROOT = macosx;
			};
			name = Release;
		};
		8D544A3022749FC5005FA833 /* Debug */ = {
			isa = XCBuildConfiguration;
			buildSettings = {
				CODE_SIGN_STYLE = Automatic;
				PRODUCT_NAME = "$(TARGET_NAME)";
			};
			name = Debug;
		};
		8D544A3122749FC5005FA833 /* Release */ = {
			isa = XCBuildConfiguration;
			buildSettings = {
				CODE_SIGN_STYLE = Automatic;
				PRODUCT_NAME = "$(TARGET_NAME)";
			};
			name = Release;
		};
		8D544A3B22749FF4005FA833 /* Debug */ = {
			isa = XCBuildConfiguration;
			buildSettings = {
				CODE_SIGN_STYLE = Automatic;
				PRODUCT_NAME = "$(TARGET_NAME)";
			};
			name = Debug;
		};
		8D544A3C22749FF4005FA833 /* Release */ = {
			isa = XCBuildConfiguration;
			buildSettings = {
				CODE_SIGN_STYLE = Automatic;
				PRODUCT_NAME = "$(TARGET_NAME)";
			};
			name = Release;
		};
		8D544A462274A01C005FA833 /* Debug */ = {
			isa = XCBuildConfiguration;
			buildSettings = {
				CODE_SIGN_STYLE = Automatic;
				PRODUCT_NAME = "$(TARGET_NAME)";
			};
			name = Debug;
		};
		8D544A472274A01C005FA833 /* Release */ = {
			isa = XCBuildConfiguration;
			buildSettings = {
				CODE_SIGN_STYLE = Automatic;
				PRODUCT_NAME = "$(TARGET_NAME)";
			};
			name = Release;
		};
/* End XCBuildConfiguration section */

/* Begin XCConfigurationList section */
		7F890A3022757A5B004F9DBE /* Build configuration list for PBXNativeTarget "04-联合的使用" */ = {
			isa = XCConfigurationList;
			buildConfigurations = (
				7F890A3122757A5B004F9DBE /* Debug */,
				7F890A3222757A5B004F9DBE /* Release */,
			);
			defaultConfigurationIsVisible = 0;
			defaultConfigurationName = Release;
		};
		7F890A3B22758271004F9DBE /* Build configuration list for PBXNativeTarget "05-枚举" */ = {
			isa = XCConfigurationList;
			buildConfigurations = (
				7F890A3C22758271004F9DBE /* Debug */,
				7F890A3D22758271004F9DBE /* Release */,
			);
			defaultConfigurationIsVisible = 0;
			defaultConfigurationName = Release;
		};
		7F890A462275895D004F9DBE /* Build configuration list for PBXNativeTarget "06-布尔类型" */ = {
			isa = XCConfigurationList;
			buildConfigurations = (
				7F890A472275895D004F9DBE /* Debug */,
				7F890A482275895D004F9DBE /* Release */,
			);
			defaultConfigurationIsVisible = 0;
			defaultConfigurationName = Release;
		};
		7F890A512275A1E0004F9DBE /* Build configuration list for PBXNativeTarget "07-函数重载" */ = {
			isa = XCConfigurationList;
			buildConfigurations = (
				7F890A522275A1E0004F9DBE /* Debug */,
				7F890A532275A1E0004F9DBE /* Release */,
			);
			defaultConfigurationIsVisible = 0;
			defaultConfigurationName = Release;
		};
		7F890A5C2275A89B004F9DBE /* Build configuration list for PBXNativeTarget "08-缺省参数" */ = {
			isa = XCConfigurationList;
			buildConfigurations = (
				7F890A5D2275A89B004F9DBE /* Debug */,
				7F890A5E2275A89B004F9DBE /* Release */,
			);
			defaultConfigurationIsVisible = 0;
			defaultConfigurationName = Release;
		};
		7F890A692275AF7F004F9DBE /* Build configuration list for PBXNativeTarget "09-哑元" */ = {
			isa = XCConfigurationList;
			buildConfigurations = (
				7F890A672275AF7F004F9DBE /* Debug */,
				7F890A682275AF7F004F9DBE /* Release */,
			);
			defaultConfigurationIsVisible = 0;
			defaultConfigurationName = Release;
		};
		7F890A722275B407004F9DBE /* Build configuration list for PBXNativeTarget "10-内联函数" */ = {
			isa = XCConfigurationList;
			buildConfigurations = (
				7F890A732275B407004F9DBE /* Debug */,
				7F890A742275B407004F9DBE /* Release */,
			);
			defaultConfigurationIsVisible = 0;
			defaultConfigurationName = Release;
		};
		7F890A912275BE62004F9DBE /* Build configuration list for PBXNativeTarget "11-C++中的new" */ = {
			isa = XCConfigurationList;
			buildConfigurations = (
				7F890A922275BE62004F9DBE /* Debug */,
				7F890A932275BE62004F9DBE /* Release */,
			);
			defaultConfigurationIsVisible = 0;
			defaultConfigurationName = Release;
		};
		7F890A9E2275CB64004F9DBE /* Build configuration list for PBXNativeTarget "12-引用的应用" */ = {
			isa = XCConfigurationList;
			buildConfigurations = (
				7F890A9C2275CB64004F9DBE /* Debug */,
				7F890A9D2275CB64004F9DBE /* Release */,
			);
			defaultConfigurationIsVisible = 0;
			defaultConfigurationName = Release;
		};
		8D24E789227981C4002556CB /* Build configuration list for PBXNativeTarget "14-访问控制" */ = {
			isa = XCConfigurationList;
			buildConfigurations = (
				8D24E787227981C4002556CB /* Debug */,
				8D24E788227981C4002556CB /* Release */,
			);
			defaultConfigurationIsVisible = 0;
			defaultConfigurationName = Release;
		};
		8D24E79222798610002556CB /* Build configuration list for PBXNativeTarget "15-构造函数" */ = {
			isa = XCConfigurationList;
			buildConfigurations = (
				8D24E79322798610002556CB /* Debug */,
				8D24E79422798610002556CB /* Release */,
			);
			defaultConfigurationIsVisible = 0;
			defaultConfigurationName = Release;
		};
		8D24E79D227991A2002556CB /* Build configuration list for PBXNativeTarget "16-初始化表" */ = {
			isa = XCConfigurationList;
			buildConfigurations = (
				8D24E79E227991A2002556CB /* Debug */,
				8D24E79F227991A2002556CB /* Release */,
			);
			defaultConfigurationIsVisible = 0;
			defaultConfigurationName = Release;
		};
		8D24E7A822799B42002556CB /* Build configuration list for PBXNativeTarget "17-研究构造函数" */ = {
			isa = XCConfigurationList;
			buildConfigurations = (
				8D24E7A922799B42002556CB /* Debug */,
				8D24E7AA22799B42002556CB /* Release */,
			);
			defaultConfigurationIsVisible = 0;
			defaultConfigurationName = Release;
		};
		8D24E7B322799C56002556CB /* Build configuration list for PBXNativeTarget "18-练习" */ = {
			isa = XCConfigurationList;
			buildConfigurations = (
				8D24E7B422799C56002556CB /* Debug */,
				8D24E7B522799C56002556CB /* Release */,
			);
			defaultConfigurationIsVisible = 0;
			defaultConfigurationName = Release;
		};
		8D24E7BE2279CCE1002556CB /* Build configuration list for PBXNativeTarget "19-初始化表的必要性" */ = {
			isa = XCConfigurationList;
			buildConfigurations = (
				8D24E7BF2279CCE1002556CB /* Debug */,
				8D24E7C02279CCE1002556CB /* Release */,
			);
			defaultConfigurationIsVisible = 0;
			defaultConfigurationName = Release;
		};
		8D24E7C92279D358002556CB /* Build configuration list for PBXNativeTarget "20-自定义类型转换的构造函数" */ = {
			isa = XCConfigurationList;
			buildConfigurations = (
				8D24E7CA2279D358002556CB /* Debug */,
				8D24E7CB2279D358002556CB /* Release */,
			);
			defaultConfigurationIsVisible = 0;
			defaultConfigurationName = Release;
		};
		8D24E7D42279DBCF002556CB /* Build configuration list for PBXNativeTarget "21-this指针" */ = {
			isa = XCConfigurationList;
			buildConfigurations = (
				8D24E7D52279DBCF002556CB /* Debug */,
				8D24E7D62279DBCF002556CB /* Release */,
			);
			defaultConfigurationIsVisible = 0;
			defaultConfigurationName = Release;
		};
		8D24E7DF2279E8A3002556CB /* Build configuration list for PBXNativeTarget "22-this指针研究" */ = {
			isa = XCConfigurationList;
			buildConfigurations = (
				8D24E7E02279E8A3002556CB /* Debug */,
				8D24E7E12279E8A3002556CB /* Release */,
			);
			defaultConfigurationIsVisible = 0;
			defaultConfigurationName = Release;
		};
		8D2B3073227C6C1C0061524F /* Build configuration list for PBXNativeTarget "23-const对象和const成员函数" */ = {
			isa = XCConfigurationList;
			buildConfigurations = (
				8D2B3071227C6C1C0061524F /* Debug */,
				8D2B3072227C6C1C0061524F /* Release */,
			);
			defaultConfigurationIsVisible = 0;
			defaultConfigurationName = Release;
		};
		8D344F4B2275F1850072DC18 /* Build configuration list for PBXNativeTarget "13-引用与函数" */ = {
			isa = XCConfigurationList;
			buildConfigurations = (
				8D344F492275F1850072DC18 /* Debug */,
				8D344F4A2275F1850072DC18 /* Release */,
			);
			defaultConfigurationIsVisible = 0;
			defaultConfigurationName = Release;
		};
		8D544A1822749FA3005FA833 /* Build configuration list for PBXProject "C++" */ = {
			isa = XCConfigurationList;
			buildConfigurations = (
				8D544A2222749FA3005FA833 /* Debug */,
				8D544A2322749FA3005FA833 /* Release */,
			);
			defaultConfigurationIsVisible = 0;
			defaultConfigurationName = Release;
		};
		8D544A2F22749FC5005FA833 /* Build configuration list for PBXNativeTarget "01-helloworld" */ = {
			isa = XCConfigurationList;
			buildConfigurations = (
				8D544A3022749FC5005FA833 /* Debug */,
				8D544A3122749FC5005FA833 /* Release */,
			);
			defaultConfigurationIsVisible = 0;
			defaultConfigurationName = Release;
		};
		8D544A3A22749FF4005FA833 /* Build configuration list for PBXNativeTarget "02-命名空间" */ = {
			isa = XCConfigurationList;
			buildConfigurations = (
				8D544A3B22749FF4005FA833 /* Debug */,
				8D544A3C22749FF4005FA833 /* Release */,
			);
			defaultConfigurationIsVisible = 0;
			defaultConfigurationName = Release;
		};
		8D544A452274A01C005FA833 /* Build configuration list for PBXNativeTarget "03-结构体和C的区别" */ = {
			isa = XCConfigurationList;
			buildConfigurations = (
				8D544A462274A01C005FA833 /* Debug */,
				8D544A472274A01C005FA833 /* Release */,
			);
			defaultConfigurationIsVisible = 0;
			defaultConfigurationName = Release;
		};
/* End XCConfigurationList section */
	};
	rootObject = 8D544A1522749FA3005FA833 /* Project object */;
}
